// !$*UTF8*$!
{
	archiveVersion = 1;
	classes = {
	};
	objectVersion = 56;
	objects = {

/* Begin PBXBuildFile section */
		87C24E4229D66B09004C4B51 /* Storage.swift in Sources */ = {isa = PBXBuildFile; fileRef = 87C24E3A29D66B08004C4B51 /* Storage.swift */; };
		87C24E4329D66B09004C4B51 /* Disk.swift in Sources */ = {isa = PBXBuildFile; fileRef = 87C24E3B29D66B08004C4B51 /* Disk.swift */; };
		87C24E4429D66B09004C4B51 /* Transformer.swift in Sources */ = {isa = PBXBuildFile; fileRef = 87C24E3C29D66B08004C4B51 /* Transformer.swift */; };
		87C24E4529D66B09004C4B51 /* Expiry.swift in Sources */ = {isa = PBXBuildFile; fileRef = 87C24E3D29D66B08004C4B51 /* Expiry.swift */; };
		87C24E4629D66B09004C4B51 /* TransformerFactory.swift in Sources */ = {isa = PBXBuildFile; fileRef = 87C24E3E29D66B08004C4B51 /* TransformerFactory.swift */; };
		87C24E4729D66B09004C4B51 /* Memory.swift in Sources */ = {isa = PBXBuildFile; fileRef = 87C24E3F29D66B08004C4B51 /* Memory.swift */; };
		87C24E4829D66B09004C4B51 /* CacheModel.swift in Sources */ = {isa = PBXBuildFile; fileRef = 87C24E4029D66B08004C4B51 /* CacheModel.swift */; };
		87C24E4929D66B09004C4B51 /* CachedOptions.swift in Sources */ = {isa = PBXBuildFile; fileRef = 87C24E4129D66B08004C4B51 /* CachedOptions.swift */; };
		87C24E6D29D66C2A004C4B51 /* Lemonable.swift in Sources */ = {isa = PBXBuildFile; fileRef = 87C24E6C29D66C2A004C4B51 /* Lemonable.swift */; };
		87C24E7029D6AD26004C4B51 /* Lemons.podspec in Resources */ = {isa = PBXBuildFile; fileRef = 87C24E6E29D6AD26004C4B51 /* Lemons.podspec */; };
		87C24E7129D6AD26004C4B51 /* README.md in Resources */ = {isa = PBXBuildFile; fileRef = 87C24E6F29D6AD26004C4B51 /* README.md */; };
		87C24E7329D6AF41004C4B51 /* CryptoType.swift in Sources */ = {isa = PBXBuildFile; fileRef = 87C24E7229D6AF41004C4B51 /* CryptoType.swift */; };
/* End PBXBuildFile section */

/* Begin PBXFileReference section */
		87C24E1F29D66A58004C4B51 /* Lemons.framework */ = {isa = PBXFileReference; explicitFileType = wrapper.framework; includeInIndex = 0; path = Lemons.framework; sourceTree = BUILT_PRODUCTS_DIR; };
		87C24E3A29D66B08004C4B51 /* Storage.swift */ = {isa = PBXFileReference; fileEncoding = 4; lastKnownFileType = sourcecode.swift; path = Storage.swift; sourceTree = "<group>"; };
		87C24E3B29D66B08004C4B51 /* Disk.swift */ = {isa = PBXFileReference; fileEncoding = 4; lastKnownFileType = sourcecode.swift; path = Disk.swift; sourceTree = "<group>"; };
		87C24E3C29D66B08004C4B51 /* Transformer.swift */ = {isa = PBXFileReference; fileEncoding = 4; lastKnownFileType = sourcecode.swift; path = Transformer.swift; sourceTree = "<group>"; };
		87C24E3D29D66B08004C4B51 /* Expiry.swift */ = {isa = PBXFileReference; fileEncoding = 4; lastKnownFileType = sourcecode.swift; path = Expiry.swift; sourceTree = "<group>"; };
		87C24E3E29D66B08004C4B51 /* TransformerFactory.swift */ = {isa = PBXFileReference; fileEncoding = 4; lastKnownFileType = sourcecode.swift; path = TransformerFactory.swift; sourceTree = "<group>"; };
		87C24E3F29D66B08004C4B51 /* Memory.swift */ = {isa = PBXFileReference; fileEncoding = 4; lastKnownFileType = sourcecode.swift; path = Memory.swift; sourceTree = "<group>"; };
		87C24E4029D66B08004C4B51 /* CacheModel.swift */ = {isa = PBXFileReference; fileEncoding = 4; lastKnownFileType = sourcecode.swift; path = CacheModel.swift; sourceTree = "<group>"; };
		87C24E4129D66B08004C4B51 /* CachedOptions.swift */ = {isa = PBXFileReference; fileEncoding = 4; lastKnownFileType = sourcecode.swift; path = CachedOptions.swift; sourceTree = "<group>"; };
		87C24E6C29D66C2A004C4B51 /* Lemonable.swift */ = {isa = PBXFileReference; lastKnownFileType = sourcecode.swift; path = Lemonable.swift; sourceTree = "<group>"; };
		87C24E6E29D6AD26004C4B51 /* Lemons.podspec */ = {isa = PBXFileReference; fileEncoding = 4; lastKnownFileType = text; path = Lemons.podspec; sourceTree = "<group>"; };
		87C24E6F29D6AD26004C4B51 /* README.md */ = {isa = PBXFileReference; fileEncoding = 4; lastKnownFileType = net.daringfireball.markdown; path = README.md; sourceTree = "<group>"; };
		87C24E7229D6AF41004C4B51 /* CryptoType.swift */ = {isa = PBXFileReference; fileEncoding = 4; lastKnownFileType = sourcecode.swift; path = CryptoType.swift; sourceTree = "<group>"; };
/* End PBXFileReference section */

/* Begin PBXFrameworksBuildPhase section */
		87C24E1C29D66A58004C4B51 /* Frameworks */ = {
			isa = PBXFrameworksBuildPhase;
			buildActionMask = 2147483647;
			files = (
			);
			runOnlyForDeploymentPostprocessing = 0;
		};
/* End PBXFrameworksBuildPhase section */

/* Begin PBXGroup section */
		87C24E1529D66A58004C4B51 = {
			isa = PBXGroup;
			children = (
				87C24E6E29D6AD26004C4B51 /* Lemons.podspec */,
				87C24E6F29D6AD26004C4B51 /* README.md */,
				87C24E3929D66B08004C4B51 /* Sources */,
				87C24E2029D66A58004C4B51 /* Products */,
			);
			sourceTree = "<group>";
		};
		87C24E2029D66A58004C4B51 /* Products */ = {
			isa = PBXGroup;
			children = (
				87C24E1F29D66A58004C4B51 /* Lemons.framework */,
			);
			name = Products;
			sourceTree = "<group>";
		};
		87C24E3929D66B08004C4B51 /* Sources */ = {
			isa = PBXGroup;
			children = (
				87C24E7429D6AFBC004C4B51 /* Setup */,
				87C24E3B29D66B08004C4B51 /* Disk.swift */,
				87C24E6C29D66C2A004C4B51 /* Lemonable.swift */,
				87C24E3F29D66B08004C4B51 /* Memory.swift */,
				87C24E3A29D66B08004C4B51 /* Storage.swift */,
			);
			path = Sources;
			sourceTree = "<group>";
		};
		87C24E7429D6AFBC004C4B51 /* Setup */ = {
			isa = PBXGroup;
			children = (
				87C24E4129D66B08004C4B51 /* CachedOptions.swift */,
				87C24E4029D66B08004C4B51 /* CacheModel.swift */,
				87C24E7229D6AF41004C4B51 /* CryptoType.swift */,
				87C24E3D29D66B08004C4B51 /* Expiry.swift */,
				87C24E3C29D66B08004C4B51 /* Transformer.swift */,
				87C24E3E29D66B08004C4B51 /* TransformerFactory.swift */,
			);
			path = Setup;
			sourceTree = "<group>";
		};
/* End PBXGroup section */

/* Begin PBXHeadersBuildPhase section */
		87C24E1A29D66A58004C4B51 /* Headers */ = {
			isa = PBXHeadersBuildPhase;
			buildActionMask = 2147483647;
			files = (
			);
			runOnlyForDeploymentPostprocessing = 0;
		};
/* End PBXHeadersBuildPhase section */

/* Begin PBXNativeTarget section */
		87C24E1E29D66A58004C4B51 /* Lemons */ = {
			isa = PBXNativeTarget;
			buildConfigurationList = 87C24E3329D66A58004C4B51 /* Build configuration list for PBXNativeTarget "Lemons" */;
			buildPhases = (
				87C24E1A29D66A58004C4B51 /* Headers */,
				87C24E1B29D66A58004C4B51 /* Sources */,
				87C24E1C29D66A58004C4B51 /* Frameworks */,
				87C24E1D29D66A58004C4B51 /* Resources */,
			);
			buildRules = (
			);
			dependencies = (
			);
			name = Lemons;
			productName = Lemons;
			productReference = 87C24E1F29D66A58004C4B51 /* Lemons.framework */;
			productType = "com.apple.product-type.framework";
		};
/* End PBXNativeTarget section */

/* Begin PBXProject section */
		87C24E1629D66A58004C4B51 /* Project object */ = {
			isa = PBXProject;
			attributes = {
				BuildIndependentTargetsInParallel = 1;
				LastSwiftUpdateCheck = 1420;
				LastUpgradeCheck = 1420;
				TargetAttributes = {
					87C24E1E29D66A58004C4B51 = {
						CreatedOnToolsVersion = 14.2;
					};
				};
			};
			buildConfigurationList = 87C24E1929D66A58004C4B51 /* Build configuration list for PBXProject "Lemons" */;
			compatibilityVersion = "Xcode 14.0";
			developmentRegion = en;
			hasScannedForEncodings = 0;
			knownRegions = (
				en,
				Base,
			);
			mainGroup = 87C24E1529D66A58004C4B51;
			productRefGroup = 87C24E2029D66A58004C4B51 /* Products */;
			projectDirPath = "";
			projectRoot = "";
			targets = (
				87C24E1E29D66A58004C4B51 /* Lemons */,
			);
		};
/* End PBXProject section */

/* Begin PBXResourcesBuildPhase section */
		87C24E1D29D66A58004C4B51 /* Resources */ = {
			isa = PBXResourcesBuildPhase;
			buildActionMask = 2147483647;
			files = (
				87C24E7129D6AD26004C4B51 /* README.md in Resources */,
				87C24E7029D6AD26004C4B51 /* Lemons.podspec in Resources */,
			);
			runOnlyForDeploymentPostprocessing = 0;
		};
/* End PBXResourcesBuildPhase section */

/* Begin PBXSourcesBuildPhase section */
		87C24E1B29D66A58004C4B51 /* Sources */ = {
			isa = PBXSourcesBuildPhase;
			buildActionMask = 2147483647;
			files = (
				87C24E6D29D66C2A004C4B51 /* Lemonable.swift in Sources */,
				87C24E4729D66B09004C4B51 /* Memory.swift in Sources */,
				87C24E4529D66B09004C4B51 /* Expiry.swift in Sources */,
				87C24E4929D66B09004C4B51 /* CachedOptions.swift in Sources */,
				87C24E4329D66B09004C4B51 /* Disk.swift in Sources */,
				87C24E4429D66B09004C4B51 /* Transformer.swift in Sources */,
				87C24E4229D66B09004C4B51 /* Storage.swift in Sources */,
				87C24E4629D66B09004C4B51 /* TransformerFactory.swift in Sources */,
				87C24E7329D6AF41004C4B51 /* CryptoType.swift in Sources */,
				87C24E4829D66B09004C4B51 /* CacheModel.swift in Sources */,
			);
			runOnlyForDeploymentPostprocessing = 0;
		};
/* End PBXSourcesBuildPhase section */

/* Begin XCBuildConfiguration section */
		87C24E3129D66A58004C4B51 /* Debug */ = {
			isa = XCBuildConfiguration;
			buildSettings = {
				ALWAYS_SEARCH_USER_PATHS = NO;
				CLANG_ANALYZER_NONNULL = YES;
				CLANG_ANALYZER_NUMBER_OBJECT_CONVERSION = YES_AGGRESSIVE;
				CLANG_CXX_LANGUAGE_STANDARD = "gnu++20";
				CLANG_ENABLE_MODULES = YES;
				CLANG_ENABLE_OBJC_ARC = YES;
				CLANG_ENABLE_OBJC_WEAK = YES;
				CLANG_WARN_BLOCK_CAPTURE_AUTORELEASING = YES;
				CLANG_WARN_BOOL_CONVERSION = YES;
				CLANG_WARN_COMMA = YES;
				CLANG_WARN_CONSTANT_CONVERSION = YES;
				CLANG_WARN_DEPRECATED_OBJC_IMPLEMENTATIONS = YES;
				CLANG_WARN_DIRECT_OBJC_ISA_USAGE = YES_ERROR;
				CLANG_WARN_DOCUMENTATION_COMMENTS = YES;
				CLANG_WARN_EMPTY_BODY = YES;
				CLANG_WARN_ENUM_CONVERSION = YES;
				CLANG_WARN_INFINITE_RECURSION = YES;
				CLANG_WARN_INT_CONVERSION = YES;
				CLANG_WARN_NON_LITERAL_NULL_CONVERSION = YES;
				CLANG_WARN_OBJC_IMPLICIT_RETAIN_SELF = YES;
				CLANG_WARN_OBJC_LITERAL_CONVERSION = YES;
				CLANG_WARN_OBJC_ROOT_CLASS = YES_ERROR;
				CLANG_WARN_QUOTED_INCLUDE_IN_FRAMEWORK_HEADER = YES;
				CLANG_WARN_RANGE_LOOP_ANALYSIS = YES;
				CLANG_WARN_STRICT_PROTOTYPES = YES;
				CLANG_WARN_SUSPICIOUS_MOVE = YES;
				CLANG_WARN_UNGUARDED_AVAILABILITY = YES_AGGRESSIVE;
				CLANG_WARN_UNREACHABLE_CODE = YES;
				CLANG_WARN__DUPLICATE_METHOD_MATCH = YES;
				COPY_PHASE_STRIP = NO;
				CURRENT_PROJECT_VERSION = 1;
				DEBUG_INFORMATION_FORMAT = dwarf;
				ENABLE_STRICT_OBJC_MSGSEND = YES;
				ENABLE_TESTABILITY = YES;
				GCC_C_LANGUAGE_STANDARD = gnu11;
				GCC_DYNAMIC_NO_PIC = NO;
				GCC_NO_COMMON_BLOCKS = YES;
				GCC_OPTIMIZATION_LEVEL = 0;
				GCC_PREPROCESSOR_DEFINITIONS = (
					"DEBUG=1",
					"$(inherited)",
				);
				GCC_WARN_64_TO_32_BIT_CONVERSION = YES;
				GCC_WARN_ABOUT_RETURN_TYPE = YES_ERROR;
				GCC_WARN_UNDECLARED_SELECTOR = YES;
				GCC_WARN_UNINITIALIZED_AUTOS = YES_AGGRESSIVE;
				GCC_WARN_UNUSED_FUNCTION = YES;
				GCC_WARN_UNUSED_VARIABLE = YES;
				IPHONEOS_DEPLOYMENT_TARGET = 12.0;
				MTL_ENABLE_DEBUG_INFO = INCLUDE_SOURCE;
				MTL_FAST_MATH = YES;
				ONLY_ACTIVE_ARCH = YES;
				SDKROOT = iphoneos;
				SWIFT_ACTIVE_COMPILATION_CONDITIONS = DEBUG;
				SWIFT_OPTIMIZATION_LEVEL = "-Onone";
				VERSIONING_SYSTEM = "apple-generic";
				VERSION_INFO_PREFIX = "";
			};
			name = Debug;
		};
		87C24E3229D66A58004C4B51 /* Release */ = {
			isa = XCBuildConfiguration;
			buildSettings = {
				ALWAYS_SEARCH_USER_PATHS = NO;
				CLANG_ANALYZER_NONNULL = YES;
				CLANG_ANALYZER_NUMBER_OBJECT_CONVERSION = YES_AGGRESSIVE;
				CLANG_CXX_LANGUAGE_STANDARD = "gnu++20";
				CLANG_ENABLE_MODULES = YES;
				CLANG_ENABLE_OBJC_ARC = YES;
				CLANG_ENABLE_OBJC_WEAK = YES;
				CLANG_WARN_BLOCK_CAPTURE_AUTORELEASING = YES;
				CLANG_WARN_BOOL_CONVERSION = YES;
				CLANG_WARN_COMMA = YES;
				CLANG_WARN_CONSTANT_CONVERSION = YES;
				CLANG_WARN_DEPRECATED_OBJC_IMPLEMENTATIONS = YES;
				CLANG_WARN_DIRECT_OBJC_ISA_USAGE = YES_ERROR;
				CLANG_WARN_DOCUMENTATION_COMMENTS = YES;
				CLANG_WARN_EMPTY_BODY = YES;
				CLANG_WARN_ENUM_CONVERSION = YES;
				CLANG_WARN_INFINITE_RECURSION = YES;
				CLANG_WARN_INT_CONVERSION = YES;
				CLANG_WARN_NON_LITERAL_NULL_CONVERSION = YES;
				CLANG_WARN_OBJC_IMPLICIT_RETAIN_SELF = YES;
				CLANG_WARN_OBJC_LITERAL_CONVERSION = YES;
				CLANG_WARN_OBJC_ROOT_CLASS = YES_ERROR;
				CLANG_WARN_QUOTED_INCLUDE_IN_FRAMEWORK_HEADER = YES;
				CLANG_WARN_RANGE_LOOP_ANALYSIS = YES;
				CLANG_WARN_STRICT_PROTOTYPES = YES;
				CLANG_WARN_SUSPICIOUS_MOVE = YES;
				CLANG_WARN_UNGUARDED_AVAILABILITY = YES_AGGRESSIVE;
				CLANG_WARN_UNREACHABLE_CODE = YES;
				CLANG_WARN__DUPLICATE_METHOD_MATCH = YES;
				COPY_PHASE_STRIP = NO;
				CURRENT_PROJECT_VERSION = 1;
				DEBUG_INFORMATION_FORMAT = "dwarf-with-dsym";
				ENABLE_NS_ASSERTIONS = NO;
				ENABLE_STRICT_OBJC_MSGSEND = YES;
				GCC_C_LANGUAGE_STANDARD = gnu11;
				GCC_NO_COMMON_BLOCKS = YES;
				GCC_WARN_64_TO_32_BIT_CONVERSION = YES;
				GCC_WARN_ABOUT_RETURN_TYPE = YES_ERROR;
				GCC_WARN_UNDECLARED_SELECTOR = YES;
				GCC_WARN_UNINITIALIZED_AUTOS = YES_AGGRESSIVE;
				GCC_WARN_UNUSED_FUNCTION = YES;
				GCC_WARN_UNUSED_VARIABLE = YES;
				IPHONEOS_DEPLOYMENT_TARGET = 12.0;
				MTL_ENABLE_DEBUG_INFO = NO;
				MTL_FAST_MATH = YES;
				SDKROOT = iphoneos;
				SWIFT_COMPILATION_MODE = wholemodule;
				SWIFT_OPTIMIZATION_LEVEL = "-O";
				VALIDATE_PRODUCT = YES;
				VERSIONING_SYSTEM = "apple-generic";
				VERSION_INFO_PREFIX = "";
			};
			name = Release;
		};
		87C24E3429D66A58004C4B51 /* Debug */ = {
			isa = XCBuildConfiguration;
			buildSettings = {
				CODE_SIGN_STYLE = Automatic;
				CURRENT_PROJECT_VERSION = 1;
				DEFINES_MODULE = YES;
				DEVELOPMENT_TEAM = AAHMKJNWLX;
				DYLIB_COMPATIBILITY_VERSION = 1;
				DYLIB_CURRENT_VERSION = 1;
				DYLIB_INSTALL_NAME_BASE = "@rpath";
				GENERATE_INFOPLIST_FILE = YES;
				INFOPLIST_KEY_NSHumanReadableCopyright = "";
				INSTALL_PATH = "$(LOCAL_LIBRARY_DIR)/Frameworks";
				IPHONEOS_DEPLOYMENT_TARGET = 12.0;
				LD_RUNPATH_SEARCH_PATHS = (
					"$(inherited)",
					"@executable_path/Frameworks",
					"@loader_path/Frameworks",
				);
				MARKETING_VERSION = 1.0;
				PRODUCT_BUNDLE_IDENTIFIER = Apple.Lemons;
				PRODUCT_NAME = "$(TARGET_NAME:c99extidentifier)";
				SKIP_INSTALL = YES;
				SWIFT_EMIT_LOC_STRINGS = YES;
				SWIFT_VERSION = 5.0;
				TARGETED_DEVICE_FAMILY = "1,2";
			};
			name = Debug;
		};
		87C24E3529D66A58004C4B51 /* Release */ = {
			isa = XCBuildConfiguration;
			buildSettings = {
				CODE_SIGN_STYLE = Automatic;
				CURRENT_PROJECT_VERSION = 1;
				DEFINES_MODULE = YES;
				DEVELOPMENT_TEAM = AAHMKJNWLX;
				DYLIB_COMPATIBILITY_VERSION = 1;
				DYLIB_CURRENT_VERSION = 1;
				DYLIB_INSTALL_NAME_BASE = "@rpath";
				GENERATE_INFOPLIST_FILE = YES;
				INFOPLIST_KEY_NSHumanReadableCopyright = "";
				INSTALL_PATH = "$(LOCAL_LIBRARY_DIR)/Frameworks";
				IPHONEOS_DEPLOYMENT_TARGET = 12.0;
				LD_RUNPATH_SEARCH_PATHS = (
					"$(inherited)",
					"@executable_path/Frameworks",
					"@loader_path/Frameworks",
				);
				MARKETING_VERSION = 1.0;
				PRODUCT_BUNDLE_IDENTIFIER = Apple.Lemons;
				PRODUCT_NAME = "$(TARGET_NAME:c99extidentifier)";
				SKIP_INSTALL = YES;
				SWIFT_EMIT_LOC_STRINGS = YES;
				SWIFT_VERSION = 5.0;
				TARGETED_DEVICE_FAMILY = "1,2";
			};
			name = Release;
		};
/* End XCBuildConfiguration section */

/* Begin XCConfigurationList section */
		87C24E1929D66A58004C4B51 /* Build configuration list for PBXProject "Lemons" */ = {
			isa = XCConfigurationList;
			buildConfigurations = (
				87C24E3129D66A58004C4B51 /* Debug */,
				87C24E3229D66A58004C4B51 /* Release */,
			);
			defaultConfigurationIsVisible = 0;
			defaultConfigurationName = Release;
		};
		87C24E3329D66A58004C4B51 /* Build configuration list for PBXNativeTarget "Lemons" */ = {
			isa = XCConfigurationList;
			buildConfigurations = (
				87C24E3429D66A58004C4B51 /* Debug */,
				87C24E3529D66A58004C4B51 /* Release */,
			);
			defaultConfigurationIsVisible = 0;
			defaultConfigurationName = Release;
		};
/* End XCConfigurationList section */
	};
	rootObject = 87C24E1629D66A58004C4B51 /* Project object */;
}
